
Microsoft Visual Studio Solution File, Format Version 12.00
# Visual Studio 15
VisualStudioVersion = 15.0.28307.1321
MinimumVisualStudioVersion = 10.0.40219.1
Project("{FAE04EC0-301F-11D3-BF4B-00C04F79EFBC}") = "Heart Rate Analyser", "Heart Rate Analyser\Heart Rate Analyser.csproj", "{FCCB9EE4-51B7-4DC8-B06A-48ED892DF10A}"
EndProject
Global
	GlobalSection(SolutionConfigurationPlatforms) = preSolution
		Debug|Any CPU = Debug|Any CPU
		Release|Any CPU = Release|Any CPU
	EndGlobalSection
	GlobalSection(ProjectConfigurationPlatforms) = postSolution
		{FCCB9EE4-51B7-4DC8-B06A-48ED892DF10A}.Debug|Any CPU.ActiveCfg = Debug|Any CPU
		{FCCB9EE4-51B7-4DC8-B06A-48ED892DF10A}.Debug|Any CPU.Build.0 = Debug|Any CPU
		{FCCB9EE4-51B7-4DC8-B06A-48ED892DF10A}.Release|Any CPU.ActiveCfg = Release|Any CPU
		{FCCB9EE4-51B7-4DC8-B06A-48ED892DF10A}.Release|Any CPU.Build.0 = Release|Any CPU
	EndGlobalSection
	GlobalSection(SolutionProperties) = preSolution
		HideSolutionNode = FALSE
	EndGlobalSection
	GlobalSection(ExtensibilityGlobals) = postSolution
		SolutionGuid = {9CE7BC51-3986-4D85-8DBC-076524D35897}
	EndGlobalSection
EndGlobal
